{
  "name": "frontend",
  "version": "0.1.0",
  "lockfileVersion": 1,
  "requires": true,
  "dependencies": {
    "react-gamepad": {
      "version": "1.0.3",
      "resolved": "https://registry.npmjs.org/react-gamepad/-/react-gamepad-1.0.3.tgz",
      "integrity": "sha512-gMwITmfoHtCaMFpDaEshcjeibHAgynXD28NnS2pa+dG+stwNoN66YDVizN7GfyIrYiW5Ft1ubRxs6/2xW9sRhQ=="
    }
  }
}
